
Microsoft Visual Studio Solution File, Format Version 12.00
# Visual Studio Version 17
VisualStudioVersion = 17.7.34031.279
MinimumVisualStudioVersion = 10.0.40219.1
Project("{9A19103F-16F7-4668-BE54-9A1E7A4F7556}") = "Store.Domain", "Store.Domain\Store.Domain.csproj", "{B6A43A4A-5BED-43D6-AA1C-5FF32997F174}"
EndProject
Project("{9A19103F-16F7-4668-BE54-9A1E7A4F7556}") = "Store.Shared", "Store.Shared\Store.Shared.csproj", "{9CDDF0BC-1327-444B-B854-CDCFF1300629}"
EndProject
Project("{FAE04EC0-301F-11D3-BF4B-00C04F79EFBC}") = "Store.Tests", "Store.Tests\Store.Tests.csproj", "{21787F9E-79C1-4202-8E5B-36D0B6F91A69}"
EndProject
Global
	GlobalSection(SolutionConfigurationPlatforms) = preSolution
		Debug|Any CPU = Debug|Any CPU
		Release|Any CPU = Release|Any CPU
	EndGlobalSection
	GlobalSection(ProjectConfigurationPlatforms) = postSolution
		{B6A43A4A-5BED-43D6-AA1C-5FF32997F174}.Debug|Any CPU.ActiveCfg = Debug|Any CPU
		{B6A43A4A-5BED-43D6-AA1C-5FF32997F174}.Debug|Any CPU.Build.0 = Debug|Any CPU
		{B6A43A4A-5BED-43D6-AA1C-5FF32997F174}.Release|Any CPU.ActiveCfg = Release|Any CPU
		{B6A43A4A-5BED-43D6-AA1C-5FF32997F174}.Release|Any CPU.Build.0 = Release|Any CPU
		{9CDDF0BC-1327-444B-B854-CDCFF1300629}.Debug|Any CPU.ActiveCfg = Debug|Any CPU
		{9CDDF0BC-1327-444B-B854-CDCFF1300629}.Debug|Any CPU.Build.0 = Debug|Any CPU
		{9CDDF0BC-1327-444B-B854-CDCFF1300629}.Release|Any CPU.ActiveCfg = Release|Any CPU
		{9CDDF0BC-1327-444B-B854-CDCFF1300629}.Release|Any CPU.Build.0 = Release|Any CPU
		{21787F9E-79C1-4202-8E5B-36D0B6F91A69}.Debug|Any CPU.ActiveCfg = Debug|Any CPU
		{21787F9E-79C1-4202-8E5B-36D0B6F91A69}.Debug|Any CPU.Build.0 = Debug|Any CPU
		{21787F9E-79C1-4202-8E5B-36D0B6F91A69}.Release|Any CPU.ActiveCfg = Release|Any CPU
		{21787F9E-79C1-4202-8E5B-36D0B6F91A69}.Release|Any CPU.Build.0 = Release|Any CPU
	EndGlobalSection
	GlobalSection(SolutionProperties) = preSolution
		HideSolutionNode = FALSE
	EndGlobalSection
	GlobalSection(ExtensibilityGlobals) = postSolution
		SolutionGuid = {5069ED22-B36B-4136-A93D-3A15ABF18E95}
	EndGlobalSection
EndGlobal
